
Microsoft Visual Studio Solution File, Format Version 12.00
# Visual Studio 15
VisualStudioVersion = 15.0.27004.2002
MinimumVisualStudioVersion = 10.0.40219.1
Project("{FAE04EC0-301F-11D3-BF4B-00C04F79EFBC}") = "dirHash", "dirHash.csproj", "{CE62CB77-5644-4739-B1C9-EB2094347A02}"
EndProject
Project("{FAE04EC0-301F-11D3-BF4B-00C04F79EFBC}") = "fileHash", "fileHash\fileHash.csproj", "{7A5CE266-B996-4807-8955-B29C90CBD7FF}"
EndProject
Global
	GlobalSection(SolutionConfigurationPlatforms) = preSolution
		Debug|Any CPU = Debug|Any CPU
		Release|Any CPU = Release|Any CPU
	EndGlobalSection
	GlobalSection(ProjectConfigurationPlatforms) = postSolution
		{CE62CB77-5644-4739-B1C9-EB2094347A02}.Debug|Any CPU.ActiveCfg = Debug|Any CPU
		{CE62CB77-5644-4739-B1C9-EB2094347A02}.Debug|Any CPU.Build.0 = Debug|Any CPU
		{CE62CB77-5644-4739-B1C9-EB2094347A02}.Release|Any CPU.ActiveCfg = Release|Any CPU
		{CE62CB77-5644-4739-B1C9-EB2094347A02}.Release|Any CPU.Build.0 = Release|Any CPU
		{7A5CE266-B996-4807-8955-B29C90CBD7FF}.Debug|Any CPU.ActiveCfg = Debug|Any CPU
		{7A5CE266-B996-4807-8955-B29C90CBD7FF}.Debug|Any CPU.Build.0 = Debug|Any CPU
		{7A5CE266-B996-4807-8955-B29C90CBD7FF}.Release|Any CPU.ActiveCfg = Release|Any CPU
		{7A5CE266-B996-4807-8955-B29C90CBD7FF}.Release|Any CPU.Build.0 = Release|Any CPU
	EndGlobalSection
	GlobalSection(SolutionProperties) = preSolution
		HideSolutionNode = FALSE
	EndGlobalSection
	GlobalSection(ExtensibilityGlobals) = postSolution
		SolutionGuid = {39CE98F1-34B7-4077-BF8A-520194090C6A}
	EndGlobalSection
EndGlobal
